
Microsoft Visual Studio Solution File, Format Version 12.00
# Visual Studio Version 16
VisualStudioVersion = 16.0.29519.181
MinimumVisualStudioVersion = 10.0.40219.1
Project("{FAE04EC0-301F-11D3-BF4B-00C04F79EFBC}") = "Esercizio", "Esercizio\Esercizio.csproj", "{6F6167F9-E0AF-4122-AF27-4FDB03916D9D}"
EndProject
Global
	GlobalSection(SolutionConfigurationPlatforms) = preSolution
		Debug|Any CPU = Debug|Any CPU
		Release|Any CPU = Release|Any CPU
	EndGlobalSection
	GlobalSection(ProjectConfigurationPlatforms) = postSolution
		{6F6167F9-E0AF-4122-AF27-4FDB03916D9D}.Debug|Any CPU.ActiveCfg = Debug|Any CPU
		{6F6167F9-E0AF-4122-AF27-4FDB03916D9D}.Debug|Any CPU.Build.0 = Debug|Any CPU
		{6F6167F9-E0AF-4122-AF27-4FDB03916D9D}.Release|Any CPU.ActiveCfg = Release|Any CPU
		{6F6167F9-E0AF-4122-AF27-4FDB03916D9D}.Release|Any CPU.Build.0 = Release|Any CPU
	EndGlobalSection
	GlobalSection(SolutionProperties) = preSolution
		HideSolutionNode = FALSE
	EndGlobalSection
	GlobalSection(ExtensibilityGlobals) = postSolution
		SolutionGuid = {08CF120D-5723-45C0-846D-EC2ED05684C5}
	EndGlobalSection
EndGlobal
